
Microsoft Visual Studio Solution File, Format Version 12.00
# Visual Studio Version 16
VisualStudioVersion = 16.0.31025.194
MinimumVisualStudioVersion = 10.0.40219.1
Project("{FAE04EC0-301F-11D3-BF4B-00C04F79EFBC}") = "WinCalculatorAPp", "WinCalculatorAPp\WinCalculatorAPp.csproj", "{22A7AC61-C18A-4A4E-A0D4-90568349D6EB}"
EndProject
Global
	GlobalSection(SolutionConfigurationPlatforms) = preSolution
		Debug|Any CPU = Debug|Any CPU
		Release|Any CPU = Release|Any CPU
	EndGlobalSection
	GlobalSection(ProjectConfigurationPlatforms) = postSolution
		{22A7AC61-C18A-4A4E-A0D4-90568349D6EB}.Debug|Any CPU.ActiveCfg = Debug|Any CPU
		{22A7AC61-C18A-4A4E-A0D4-90568349D6EB}.Debug|Any CPU.Build.0 = Debug|Any CPU
		{22A7AC61-C18A-4A4E-A0D4-90568349D6EB}.Release|Any CPU.ActiveCfg = Release|Any CPU
		{22A7AC61-C18A-4A4E-A0D4-90568349D6EB}.Release|Any CPU.Build.0 = Release|Any CPU
	EndGlobalSection
	GlobalSection(SolutionProperties) = preSolution
		HideSolutionNode = FALSE
	EndGlobalSection
	GlobalSection(ExtensibilityGlobals) = postSolution
		SolutionGuid = {1A7B0FC9-4723-44B2-BE45-4B6878AAE52B}
	EndGlobalSection
EndGlobal
